// !$*UTF8*$!
{
	archiveVersion = 1;
	classes = {
	};
	objectVersion = 56;
	objects = {

/* Begin PBXBuildFile section */
		ABE2E7E92CCD757B00682C89 /* TaxiMeterApp.swift in Sources */ = {isa = PBXBuildFile; fileRef = ABE2E7E82CCD757B00682C89 /* TaxiMeterApp.swift */; };
		ABE2E7EB2CCD757B00682C89 /* ContentView.swift in Sources */ = {isa = PBXBuildFile; fileRef = ABE2E7EA2CCD757B00682C89 /* ContentView.swift */; };
		ABE2E7ED2CCD757C00682C89 /* Assets.xcassets in Resources */ = {isa = PBXBuildFile; fileRef = ABE2E7EC2CCD757C00682C89 /* Assets.xcassets */; };
		ABE2E7F02CCD757C00682C89 /* Preview Assets.xcassets in Resources */ = {isa = PBXBuildFile; fileRef = ABE2E7EF2CCD757C00682C89 /* Preview Assets.xcassets */; };
		ABE2E7F72CCD7A8900682C89 /* LocationDataManager.swift in Sources */ = {isa = PBXBuildFile; fileRef = ABE2E7F62CCD7A8900682C89 /* LocationDataManager.swift */; };
		ABE2E7FB2CCE139700682C89 /* TripModel.swift in Sources */ = {isa = PBXBuildFile; fileRef = ABE2E7FA2CCE139600682C89 /* TripModel.swift */; };
		ABE2E7FF2CD3571E00682C89 /* SettingsView.swift in Sources */ = {isa = PBXBuildFile; fileRef = ABE2E7FE2CD3571E00682C89 /* SettingsView.swift */; };
		ABE2E80B2CDE033C00682C89 /* TaxiMeterView.swift in Sources */ = {isa = PBXBuildFile; fileRef = ABE2E80A2CDE033C00682C89 /* TaxiMeterView.swift */; };
		ABE2E8502CE9CCBD00682C89 /* TariffSettingView.swift in Sources */ = {isa = PBXBuildFile; fileRef = ABE2E84F2CE9CCBD00682C89 /* TariffSettingView.swift */; };
		ABE2E8542CEAA47900682C89 /* SettingsViewModel.swift in Sources */ = {isa = PBXBuildFile; fileRef = ABE2E8532CEAA47900682C89 /* SettingsViewModel.swift */; };
/* End PBXBuildFile section */

/* Begin PBXFileReference section */
		ABE2E7E52CCD757B00682C89 /* TaxiMeter.app */ = {isa = PBXFileReference; explicitFileType = wrapper.application; includeInIndex = 0; path = TaxiMeter.app; sourceTree = BUILT_PRODUCTS_DIR; };
		ABE2E7E82CCD757B00682C89 /* TaxiMeterApp.swift */ = {isa = PBXFileReference; lastKnownFileType = sourcecode.swift; path = TaxiMeterApp.swift; sourceTree = "<group>"; };
		ABE2E7EA2CCD757B00682C89 /* ContentView.swift */ = {isa = PBXFileReference; lastKnownFileType = sourcecode.swift; path = ContentView.swift; sourceTree = "<group>"; };
		ABE2E7EC2CCD757C00682C89 /* Assets.xcassets */ = {isa = PBXFileReference; lastKnownFileType = folder.assetcatalog; path = Assets.xcassets; sourceTree = "<group>"; };
		ABE2E7EF2CCD757C00682C89 /* Preview Assets.xcassets */ = {isa = PBXFileReference; lastKnownFileType = folder.assetcatalog; path = "Preview Assets.xcassets"; sourceTree = "<group>"; };
		ABE2E7F62CCD7A8900682C89 /* LocationDataManager.swift */ = {isa = PBXFileReference; lastKnownFileType = sourcecode.swift; path = LocationDataManager.swift; sourceTree = "<group>"; };
		ABE2E7FA2CCE139600682C89 /* TripModel.swift */ = {isa = PBXFileReference; lastKnownFileType = sourcecode.swift; path = TripModel.swift; sourceTree = "<group>"; };
		ABE2E7FE2CD3571E00682C89 /* SettingsView.swift */ = {isa = PBXFileReference; lastKnownFileType = sourcecode.swift; path = SettingsView.swift; sourceTree = "<group>"; };
		ABE2E80A2CDE033C00682C89 /* TaxiMeterView.swift */ = {isa = PBXFileReference; lastKnownFileType = sourcecode.swift; path = TaxiMeterView.swift; sourceTree = "<group>"; };
		ABE2E84F2CE9CCBD00682C89 /* TariffSettingView.swift */ = {isa = PBXFileReference; lastKnownFileType = sourcecode.swift; path = TariffSettingView.swift; sourceTree = "<group>"; };
		ABE2E8532CEAA47900682C89 /* SettingsViewModel.swift */ = {isa = PBXFileReference; lastKnownFileType = sourcecode.swift; path = SettingsViewModel.swift; sourceTree = "<group>"; };
/* End PBXFileReference section */

/* Begin PBXFrameworksBuildPhase section */
		ABE2E7E22CCD757B00682C89 /* Frameworks */ = {
			isa = PBXFrameworksBuildPhase;
			buildActionMask = 2147483647;
			files = (
			);
			runOnlyForDeploymentPostprocessing = 0;
		};
/* End PBXFrameworksBuildPhase section */

/* Begin PBXGroup section */
		ABE2E7DC2CCD757B00682C89 = {
			isa = PBXGroup;
			children = (
				ABE2E7E72CCD757B00682C89 /* TaxiMeter */,
				ABE2E7E62CCD757B00682C89 /* Products */,
			);
			sourceTree = "<group>";
		};
		ABE2E7E62CCD757B00682C89 /* Products */ = {
			isa = PBXGroup;
			children = (
				ABE2E7E52CCD757B00682C89 /* TaxiMeter.app */,
			);
			name = Products;
			sourceTree = "<group>";
		};
		ABE2E7E72CCD757B00682C89 /* TaxiMeter */ = {
			isa = PBXGroup;
			children = (
				ABE2E7E82CCD757B00682C89 /* TaxiMeterApp.swift */,
				ABE2E7EA2CCD757B00682C89 /* ContentView.swift */,
				ABE2E7FE2CD3571E00682C89 /* SettingsView.swift */,
				ABE2E84F2CE9CCBD00682C89 /* TariffSettingView.swift */,
				ABE2E80A2CDE033C00682C89 /* TaxiMeterView.swift */,
				ABE2E7F62CCD7A8900682C89 /* LocationDataManager.swift */,
				ABE2E7FA2CCE139600682C89 /* TripModel.swift */,
				ABE2E8532CEAA47900682C89 /* SettingsViewModel.swift */,
				ABE2E7EC2CCD757C00682C89 /* Assets.xcassets */,
				ABE2E7EE2CCD757C00682C89 /* Preview Content */,
			);
			path = TaxiMeter;
			sourceTree = "<group>";
		};
		ABE2E7EE2CCD757C00682C89 /* Preview Content */ = {
			isa = PBXGroup;
			children = (
				ABE2E7EF2CCD757C00682C89 /* Preview Assets.xcassets */,
			);
			path = "Preview Content";
			sourceTree = "<group>";
		};
/* End PBXGroup section */

/* Begin PBXNativeTarget section */
		ABE2E7E42CCD757B00682C89 /* TaxiMeter */ = {
			isa = PBXNativeTarget;
			buildConfigurationList = ABE2E7F32CCD757C00682C89 /* Build configuration list for PBXNativeTarget "TaxiMeter" */;
			buildPhases = (
				ABE2E7E12CCD757B00682C89 /* Sources */,
				ABE2E7E22CCD757B00682C89 /* Frameworks */,
				ABE2E7E32CCD757B00682C89 /* Resources */,
			);
			buildRules = (
			);
			dependencies = (
			);
			name = TaxiMeter;
			productName = TaxiMeter;
			productReference = ABE2E7E52CCD757B00682C89 /* TaxiMeter.app */;
			productType = "com.apple.product-type.application";
		};
/* End PBXNativeTarget section */

/* Begin PBXProject section */
		ABE2E7DD2CCD757B00682C89 /* Project object */ = {
			isa = PBXProject;
			attributes = {
				BuildIndependentTargetsInParallel = 1;
				LastSwiftUpdateCheck = 1540;
				LastUpgradeCheck = 1540;
				TargetAttributes = {
					ABE2E7E42CCD757B00682C89 = {
						CreatedOnToolsVersion = 15.4;
					};
				};
			};
			buildConfigurationList = ABE2E7E02CCD757B00682C89 /* Build configuration list for PBXProject "TaxiMeter" */;
			compatibilityVersion = "Xcode 14.0";
			developmentRegion = en;
			hasScannedForEncodings = 0;
			knownRegions = (
				en,
				Base,
			);
			mainGroup = ABE2E7DC2CCD757B00682C89;
			productRefGroup = ABE2E7E62CCD757B00682C89 /* Products */;
			projectDirPath = "";
			projectRoot = "";
			targets = (
				ABE2E7E42CCD757B00682C89 /* TaxiMeter */,
			);
		};
/* End PBXProject section */

/* Begin PBXResourcesBuildPhase section */
		ABE2E7E32CCD757B00682C89 /* Resources */ = {
			isa = PBXResourcesBuildPhase;
			buildActionMask = 2147483647;
			files = (
				ABE2E7F02CCD757C00682C89 /* Preview Assets.xcassets in Resources */,
				ABE2E7ED2CCD757C00682C89 /* Assets.xcassets in Resources */,
			);
			runOnlyForDeploymentPostprocessing = 0;
		};
/* End PBXResourcesBuildPhase section */

/* Begin PBXSourcesBuildPhase section */
		ABE2E7E12CCD757B00682C89 /* Sources */ = {
			isa = PBXSourcesBuildPhase;
			buildActionMask = 2147483647;
			files = (
				ABE2E7FB2CCE139700682C89 /* TripModel.swift in Sources */,
				ABE2E7EB2CCD757B00682C89 /* ContentView.swift in Sources */,
				ABE2E8502CE9CCBD00682C89 /* TariffSettingView.swift in Sources */,
				ABE2E7F72CCD7A8900682C89 /* LocationDataManager.swift in Sources */,
				ABE2E7FF2CD3571E00682C89 /* SettingsView.swift in Sources */,
				ABE2E80B2CDE033C00682C89 /* TaxiMeterView.swift in Sources */,
				ABE2E7E92CCD757B00682C89 /* TaxiMeterApp.swift in Sources */,
				ABE2E8542CEAA47900682C89 /* SettingsViewModel.swift in Sources */,
			);
			runOnlyForDeploymentPostprocessing = 0;
		};
/* End PBXSourcesBuildPhase section */

/* Begin XCBuildConfiguration section */
		ABE2E7F12CCD757C00682C89 /* Debug */ = {
			isa = XCBuildConfiguration;
			buildSettings = {
				ALWAYS_SEARCH_USER_PATHS = NO;
				ASSETCATALOG_COMPILER_GENERATE_SWIFT_ASSET_SYMBOL_EXTENSIONS = YES;
				CLANG_ANALYZER_NONNULL = YES;
				CLANG_ANALYZER_NUMBER_OBJECT_CONVERSION = YES_AGGRESSIVE;
				CLANG_CXX_LANGUAGE_STANDARD = "gnu++20";
				CLANG_ENABLE_MODULES = YES;
				CLANG_ENABLE_OBJC_ARC = YES;
				CLANG_ENABLE_OBJC_WEAK = YES;
				CLANG_WARN_BLOCK_CAPTURE_AUTORELEASING = YES;
				CLANG_WARN_BOOL_CONVERSION = YES;
				CLANG_WARN_COMMA = YES;
				CLANG_WARN_CONSTANT_CONVERSION = YES;
				CLANG_WARN_DEPRECATED_OBJC_IMPLEMENTATIONS = YES;
				CLANG_WARN_DIRECT_OBJC_ISA_USAGE = YES_ERROR;
				CLANG_WARN_DOCUMENTATION_COMMENTS = YES;
				CLANG_WARN_EMPTY_BODY = YES;
				CLANG_WARN_ENUM_CONVERSION = YES;
				CLANG_WARN_INFINITE_RECURSION = YES;
				CLANG_WARN_INT_CONVERSION = YES;
				CLANG_WARN_NON_LITERAL_NULL_CONVERSION = YES;
				CLANG_WARN_OBJC_IMPLICIT_RETAIN_SELF = YES;
				CLANG_WARN_OBJC_LITERAL_CONVERSION = YES;
				CLANG_WARN_OBJC_ROOT_CLASS = YES_ERROR;
				CLANG_WARN_QUOTED_INCLUDE_IN_FRAMEWORK_HEADER = YES;
				CLANG_WARN_RANGE_LOOP_ANALYSIS = YES;
				CLANG_WARN_STRICT_PROTOTYPES = YES;
				CLANG_WARN_SUSPICIOUS_MOVE = YES;
				CLANG_WARN_UNGUARDED_AVAILABILITY = YES_AGGRESSIVE;
				CLANG_WARN_UNREACHABLE_CODE = YES;
				CLANG_WARN__DUPLICATE_METHOD_MATCH = YES;
				COPY_PHASE_STRIP = NO;
				DEBUG_INFORMATION_FORMAT = dwarf;
				ENABLE_STRICT_OBJC_MSGSEND = YES;
				ENABLE_TESTABILITY = YES;
				ENABLE_USER_SCRIPT_SANDBOXING = YES;
				GCC_C_LANGUAGE_STANDARD = gnu17;
				GCC_DYNAMIC_NO_PIC = NO;
				GCC_NO_COMMON_BLOCKS = YES;
				GCC_OPTIMIZATION_LEVEL = 0;
				GCC_PREPROCESSOR_DEFINITIONS = (
					"DEBUG=1",
					"$(inherited)",
				);
				GCC_WARN_64_TO_32_BIT_CONVERSION = YES;
				GCC_WARN_ABOUT_RETURN_TYPE = YES_ERROR;
				GCC_WARN_UNDECLARED_SELECTOR = YES;
				GCC_WARN_UNINITIALIZED_AUTOS = YES_AGGRESSIVE;
				GCC_WARN_UNUSED_FUNCTION = YES;
				GCC_WARN_UNUSED_VARIABLE = YES;
				IPHONEOS_DEPLOYMENT_TARGET = 17.5;
				LOCALIZATION_PREFERS_STRING_CATALOGS = YES;
				MTL_ENABLE_DEBUG_INFO = INCLUDE_SOURCE;
				MTL_FAST_MATH = YES;
				ONLY_ACTIVE_ARCH = YES;
				SDKROOT = iphoneos;
				SWIFT_ACTIVE_COMPILATION_CONDITIONS = "DEBUG $(inherited)";
				SWIFT_OPTIMIZATION_LEVEL = "-Onone";
			};
			name = Debug;
		};
		ABE2E7F22CCD757C00682C89 /* Release */ = {
			isa = XCBuildConfiguration;
			buildSettings = {
				ALWAYS_SEARCH_USER_PATHS = NO;
				ASSETCATALOG_COMPILER_GENERATE_SWIFT_ASSET_SYMBOL_EXTENSIONS = YES;
				CLANG_ANALYZER_NONNULL = YES;
				CLANG_ANALYZER_NUMBER_OBJECT_CONVERSION = YES_AGGRESSIVE;
				CLANG_CXX_LANGUAGE_STANDARD = "gnu++20";
				CLANG_ENABLE_MODULES = YES;
				CLANG_ENABLE_OBJC_ARC = YES;
				CLANG_ENABLE_OBJC_WEAK = YES;
				CLANG_WARN_BLOCK_CAPTURE_AUTORELEASING = YES;
				CLANG_WARN_BOOL_CONVERSION = YES;
				CLANG_WARN_COMMA = YES;
				CLANG_WARN_CONSTANT_CONVERSION = YES;
				CLANG_WARN_DEPRECATED_OBJC_IMPLEMENTATIONS = YES;
				CLANG_WARN_DIRECT_OBJC_ISA_USAGE = YES_ERROR;
				CLANG_WARN_DOCUMENTATION_COMMENTS = YES;
				CLANG_WARN_EMPTY_BODY = YES;
				CLANG_WARN_ENUM_CONVERSION = YES;
				CLANG_WARN_INFINITE_RECURSION = YES;
				CLANG_WARN_INT_CONVERSION = YES;
				CLANG_WARN_NON_LITERAL_NULL_CONVERSION = YES;
				CLANG_WARN_OBJC_IMPLICIT_RETAIN_SELF = YES;
				CLANG_WARN_OBJC_LITERAL_CONVERSION = YES;
				CLANG_WARN_OBJC_ROOT_CLASS = YES_ERROR;
				CLANG_WARN_QUOTED_INCLUDE_IN_FRAMEWORK_HEADER = YES;
				CLANG_WARN_RANGE_LOOP_ANALYSIS = YES;
				CLANG_WARN_STRICT_PROTOTYPES = YES;
				CLANG_WARN_SUSPICIOUS_MOVE = YES;
				CLANG_WARN_UNGUARDED_AVAILABILITY = YES_AGGRESSIVE;
				CLANG_WARN_UNREACHABLE_CODE = YES;
				CLANG_WARN__DUPLICATE_METHOD_MATCH = YES;
				COPY_PHASE_STRIP = NO;
				DEBUG_INFORMATION_FORMAT = "dwarf-with-dsym";
				ENABLE_NS_ASSERTIONS = NO;
				ENABLE_STRICT_OBJC_MSGSEND = YES;
				ENABLE_USER_SCRIPT_SANDBOXING = YES;
				GCC_C_LANGUAGE_STANDARD = gnu17;
				GCC_NO_COMMON_BLOCKS = YES;
				GCC_WARN_64_TO_32_BIT_CONVERSION = YES;
				GCC_WARN_ABOUT_RETURN_TYPE = YES_ERROR;
				GCC_WARN_UNDECLARED_SELECTOR = YES;
				GCC_WARN_UNINITIALIZED_AUTOS = YES_AGGRESSIVE;
				GCC_WARN_UNUSED_FUNCTION = YES;
				GCC_WARN_UNUSED_VARIABLE = YES;
				IPHONEOS_DEPLOYMENT_TARGET = 17.5;
				LOCALIZATION_PREFERS_STRING_CATALOGS = YES;
				MTL_ENABLE_DEBUG_INFO = NO;
				MTL_FAST_MATH = YES;
				SDKROOT = iphoneos;
				SWIFT_COMPILATION_MODE = wholemodule;
				VALIDATE_PRODUCT = YES;
			};
			name = Release;
		};
		ABE2E7F42CCD757C00682C89 /* Debug */ = {
			isa = XCBuildConfiguration;
			buildSettings = {
				ASSETCATALOG_COMPILER_APPICON_NAME = AppIcon;
				ASSETCATALOG_COMPILER_GLOBAL_ACCENT_COLOR_NAME = AccentColor;
				CODE_SIGN_STYLE = Automatic;
				CURRENT_PROJECT_VERSION = 1;
				DEVELOPMENT_ASSET_PATHS = "\"TaxiMeter/Preview Content\"";
				ENABLE_PREVIEWS = YES;
				GENERATE_INFOPLIST_FILE = YES;
				INFOPLIST_KEY_NSLocationWhenInUseUsageDescription = "The use of this app requires access to location data.";
				INFOPLIST_KEY_UIApplicationSceneManifest_Generation = YES;
				INFOPLIST_KEY_UIApplicationSupportsIndirectInputEvents = YES;
				INFOPLIST_KEY_UILaunchScreen_Generation = YES;
				INFOPLIST_KEY_UISupportedInterfaceOrientations_iPad = "UIInterfaceOrientationPortrait UIInterfaceOrientationPortraitUpsideDown UIInterfaceOrientationLandscapeLeft UIInterfaceOrientationLandscapeRight";
				INFOPLIST_KEY_UISupportedInterfaceOrientations_iPhone = "UIInterfaceOrientationPortrait UIInterfaceOrientationLandscapeLeft UIInterfaceOrientationLandscapeRight";
				LD_RUNPATH_SEARCH_PATHS = (
					"$(inherited)",
					"@executable_path/Frameworks",
				);
				MARKETING_VERSION = 1.0;
				PRODUCT_BUNDLE_IDENTIFIER = au.auburn.onlinecsse.TaxiMeter;
				PRODUCT_NAME = "$(TARGET_NAME)";
				SWIFT_EMIT_LOC_STRINGS = YES;
				SWIFT_VERSION = 5.0;
				TARGETED_DEVICE_FAMILY = "1,2";
			};
			name = Debug;
		};
		ABE2E7F52CCD757C00682C89 /* Release */ = {
			isa = XCBuildConfiguration;
			buildSettings = {
				ASSETCATALOG_COMPILER_APPICON_NAME = AppIcon;
				ASSETCATALOG_COMPILER_GLOBAL_ACCENT_COLOR_NAME = AccentColor;
				CODE_SIGN_STYLE = Automatic;
				CURRENT_PROJECT_VERSION = 1;
				DEVELOPMENT_ASSET_PATHS = "\"TaxiMeter/Preview Content\"";
				ENABLE_PREVIEWS = YES;
				GENERATE_INFOPLIST_FILE = YES;
				INFOPLIST_KEY_NSLocationWhenInUseUsageDescription = "The use of this app requires access to location data.";
				INFOPLIST_KEY_UIApplicationSceneManifest_Generation = YES;
				INFOPLIST_KEY_UIApplicationSupportsIndirectInputEvents = YES;
				INFOPLIST_KEY_UILaunchScreen_Generation = YES;
				INFOPLIST_KEY_UISupportedInterfaceOrientations_iPad = "UIInterfaceOrientationPortrait UIInterfaceOrientationPortraitUpsideDown UIInterfaceOrientationLandscapeLeft UIInterfaceOrientationLandscapeRight";
				INFOPLIST_KEY_UISupportedInterfaceOrientations_iPhone = "UIInterfaceOrientationPortrait UIInterfaceOrientationLandscapeLeft UIInterfaceOrientationLandscapeRight";
				LD_RUNPATH_SEARCH_PATHS = (
					"$(inherited)",
					"@executable_path/Frameworks",
				);
				MARKETING_VERSION = 1.0;
				PRODUCT_BUNDLE_IDENTIFIER = au.auburn.onlinecsse.TaxiMeter;
				PRODUCT_NAME = "$(TARGET_NAME)";
				SWIFT_EMIT_LOC_STRINGS = YES;
				SWIFT_VERSION = 5.0;
				TARGETED_DEVICE_FAMILY = "1,2";
			};
			name = Release;
		};
/* End XCBuildConfiguration section */

/* Begin XCConfigurationList section */
		ABE2E7E02CCD757B00682C89 /* Build configuration list for PBXProject "TaxiMeter" */ = {
			isa = XCConfigurationList;
			buildConfigurations = (
				ABE2E7F12CCD757C00682C89 /* Debug */,
				ABE2E7F22CCD757C00682C89 /* Release */,
			);
			defaultConfigurationIsVisible = 0;
			defaultConfigurationName = Release;
		};
		ABE2E7F32CCD757C00682C89 /* Build configuration list for PBXNativeTarget "TaxiMeter" */ = {
			isa = XCConfigurationList;
			buildConfigurations = (
				ABE2E7F42CCD757C00682C89 /* Debug */,
				ABE2E7F52CCD757C00682C89 /* Release */,
			);
			defaultConfigurationIsVisible = 0;
			defaultConfigurationName = Release;
		};
/* End XCConfigurationList section */
	};
	rootObject = ABE2E7DD2CCD757B00682C89 /* Project object */;
}
